{
  "pins" : [
    {
      "identity" : "anycodable",
      "kind" : "remoteSourceControl",
      "location" : "https://github.com/Flight-School/AnyCodable",
      "state" : {
        "revision" : "862808b2070cd908cb04f9aafe7de83d35f81b05",
        "version" : "0.6.7"
      }
    },
    {
      "identity" : "swift-screens-graph",
      "kind" : "remoteSourceControl",
      "location" : "https://github.com/onboarding-online/swift-screens-graph",
      "state" : {
        "revision" : "e9c2b7ba0169ed7e1625086eb661a3b1d58c06fe",
        "version" : "1.1.0-alpha.4"
      }
    }
  ],
  "version" : 2
}
