{
  "pins" : [
    {
      "identity" : "anycodable",
      "kind" : "remoteSourceControl",
      "location" : "https://github.com/Flight-School/AnyCodable",
      "state" : {
        "revision" : "862808b2070cd908cb04f9aafe7de83d35f81b05",
        "version" : "0.6.7"
      }
    },
    {
      "identity" : "swift-screens-graph",
      "kind" : "remoteSourceControl",
      "location" : "https://github.com/onboarding-online/swift-screens-graph",
      "state" : {
        "revision" : "58180e368b639da0657deb6a5fb3de39025df91b",
        "version" : "1.1.0-alpha.2"
      }
    }
  ],
  "version" : 2
}
